
Microsoft Visual Studio Solution File, Format Version 12.00
# Visual Studio Version 16
VisualStudioVersion = 16.0.31229.75
MinimumVisualStudioVersion = 10.0.40219.1
Project("{FAE04EC0-301F-11D3-BF4B-00C04F79EFBC}") = "Grid", "Grid\Grid.csproj", "{4D9D806A-21C5-47D4-B484-BBD603EDF240}"
EndProject
Global
	GlobalSection(SolutionConfigurationPlatforms) = preSolution
		Debug|Any CPU = Debug|Any CPU
		Release|Any CPU = Release|Any CPU
	EndGlobalSection
	GlobalSection(ProjectConfigurationPlatforms) = postSolution
		{4D9D806A-21C5-47D4-B484-BBD603EDF240}.Debug|Any CPU.ActiveCfg = Debug|Any CPU
		{4D9D806A-21C5-47D4-B484-BBD603EDF240}.Debug|Any CPU.Build.0 = Debug|Any CPU
		{4D9D806A-21C5-47D4-B484-BBD603EDF240}.Release|Any CPU.ActiveCfg = Release|Any CPU
		{4D9D806A-21C5-47D4-B484-BBD603EDF240}.Release|Any CPU.Build.0 = Release|Any CPU
	EndGlobalSection
	GlobalSection(SolutionProperties) = preSolution
		HideSolutionNode = FALSE
	EndGlobalSection
	GlobalSection(ExtensibilityGlobals) = postSolution
		SolutionGuid = {37021782-5024-49CB-936D-60323CC84332}
	EndGlobalSection
EndGlobal
